
Microsoft Visual Studio Solution File, Format Version 12.00
# Visual Studio Version 17
VisualStudioVersion = 17.8.34112.27
MinimumVisualStudioVersion = 10.0.40219.1
Project("{2150E333-8FDC-42A3-9474-1A3956D46DE8}") = "tests", "tests", "{EE793B63-CED6-48DA-9B2F-91D925E58EB0}"
EndProject
Project("{2150E333-8FDC-42A3-9474-1A3956D46DE8}") = "src", "src", "{2C48B6C5-E199-4832-9532-610820EF46C5}"
EndProject
Project("{2150E333-8FDC-42A3-9474-1A3956D46DE8}") = "Application", "Application", "{A5AEC309-23BF-4368-A24A-4808C282A00D}"
EndProject
Project("{2150E333-8FDC-42A3-9474-1A3956D46DE8}") = "Domain", "Domain", "{47537CB9-38AE-49A0-94BE-0BF5EF85D068}"
EndProject
Project("{2150E333-8FDC-42A3-9474-1A3956D46DE8}") = "Infrastructure", "Infrastructure", "{673713F6-B15C-4B58-94A9-DA02354BF38E}"
EndProject
Project("{2150E333-8FDC-42A3-9474-1A3956D46DE8}") = "WebUI", "WebUI", "{9350A190-D7B8-4362-B61F-43CC26452161}"
EndProject
Project("{2150E333-8FDC-42A3-9474-1A3956D46DE8}") = "Web", "Web", "{D02EF0D0-0F1F-47C3-BDBB-132E9B57F5F7}"
EndProject
Project("{2150E333-8FDC-42A3-9474-1A3956D46DE8}") = "WebApi", "WebApi", "{A1EEAB97-BDEA-40C5-A3E2-4E76EBED9A07}"
EndProject
Project("{9A19103F-16F7-4668-BE54-9A1E7A4F7556}") = "BlazingBudget.WebApi", "src\Web\WebApi\BlazingBudget.WebApi\BlazingBudget.WebApi.csproj", "{767FD727-BF01-4294-88CE-DFBF16D7D31D}"
EndProject
Project("{9A19103F-16F7-4668-BE54-9A1E7A4F7556}") = "BlazingBudget.Application", "src\Application\BlazingBudget.Application\BlazingBudget.Application.csproj", "{9FE5184E-5ADD-4897-A371-B169A6620827}"
EndProject
Project("{9A19103F-16F7-4668-BE54-9A1E7A4F7556}") = "BlazingBudget.Application.Services.Interfaces", "src\Application\BlazingBudget.Application.Services.Interfaces\BlazingBudget.Application.Services.Interfaces.csproj", "{B97C764B-AF79-47DC-AA76-88F17F41556D}"
EndProject
Project("{9A19103F-16F7-4668-BE54-9A1E7A4F7556}") = "BlazingBudget.Domain", "src\Domain\BlazingBudget.Domain\BlazingBudget.Domain.csproj", "{624BB66C-13D8-486F-A762-D702C6860073}"
EndProject
Project("{9A19103F-16F7-4668-BE54-9A1E7A4F7556}") = "BlazingBudget.Infrastructure", "src\Infrastructure\BlazingBudget.Infrastructure\BlazingBudget.Infrastructure.csproj", "{AE23E370-5006-45C8-9197-4C8D02FB9C81}"
EndProject
Project("{9A19103F-16F7-4668-BE54-9A1E7A4F7556}") = "BlazingBudget", "src\Web\WebUI\BlazingBudget\BlazingBudget.csproj", "{9DA425C6-8092-4EEF-9126-D84AE3522EDB}"
EndProject
Project("{9A19103F-16F7-4668-BE54-9A1E7A4F7556}") = "BlazingBudget.Client", "src\Web\WebUI\BlazingBudget.Client\BlazingBudget.Client.csproj", "{768C2C0A-6199-4508-9A43-DE959686CAA6}"
EndProject
Project("{9A19103F-16F7-4668-BE54-9A1E7A4F7556}") = "BlazingBudget.Client.Components", "src\Web\WebUI\BlazingBudget.Client.Components\BlazingBudget.Client.Components.csproj", "{96FD8416-ED7C-4396-9EBD-25BCF4FD9B2E}"
EndProject
Project("{FAE04EC0-301F-11D3-BF4B-00C04F79EFBC}") = "BlazingBudget.Domain.Tests", "tests\BlazingBudget.Domain.Tests\BlazingBudget.Domain.Tests.csproj", "{B3996515-77AA-40A6-880B-4AD4E3F654F4}"
EndProject
Global
	GlobalSection(SolutionConfigurationPlatforms) = preSolution
		Debug|Any CPU = Debug|Any CPU
		Release|Any CPU = Release|Any CPU
	EndGlobalSection
	GlobalSection(ProjectConfigurationPlatforms) = postSolution
		{767FD727-BF01-4294-88CE-DFBF16D7D31D}.Debug|Any CPU.ActiveCfg = Debug|Any CPU
		{767FD727-BF01-4294-88CE-DFBF16D7D31D}.Debug|Any CPU.Build.0 = Debug|Any CPU
		{767FD727-BF01-4294-88CE-DFBF16D7D31D}.Release|Any CPU.ActiveCfg = Release|Any CPU
		{767FD727-BF01-4294-88CE-DFBF16D7D31D}.Release|Any CPU.Build.0 = Release|Any CPU
		{9FE5184E-5ADD-4897-A371-B169A6620827}.Debug|Any CPU.ActiveCfg = Debug|Any CPU
		{9FE5184E-5ADD-4897-A371-B169A6620827}.Debug|Any CPU.Build.0 = Debug|Any CPU
		{9FE5184E-5ADD-4897-A371-B169A6620827}.Release|Any CPU.ActiveCfg = Release|Any CPU
		{9FE5184E-5ADD-4897-A371-B169A6620827}.Release|Any CPU.Build.0 = Release|Any CPU
		{B97C764B-AF79-47DC-AA76-88F17F41556D}.Debug|Any CPU.ActiveCfg = Debug|Any CPU
		{B97C764B-AF79-47DC-AA76-88F17F41556D}.Debug|Any CPU.Build.0 = Debug|Any CPU
		{B97C764B-AF79-47DC-AA76-88F17F41556D}.Release|Any CPU.ActiveCfg = Release|Any CPU
		{B97C764B-AF79-47DC-AA76-88F17F41556D}.Release|Any CPU.Build.0 = Release|Any CPU
		{624BB66C-13D8-486F-A762-D702C6860073}.Debug|Any CPU.ActiveCfg = Debug|Any CPU
		{624BB66C-13D8-486F-A762-D702C6860073}.Debug|Any CPU.Build.0 = Debug|Any CPU
		{624BB66C-13D8-486F-A762-D702C6860073}.Release|Any CPU.ActiveCfg = Release|Any CPU
		{624BB66C-13D8-486F-A762-D702C6860073}.Release|Any CPU.Build.0 = Release|Any CPU
		{AE23E370-5006-45C8-9197-4C8D02FB9C81}.Debug|Any CPU.ActiveCfg = Debug|Any CPU
		{AE23E370-5006-45C8-9197-4C8D02FB9C81}.Debug|Any CPU.Build.0 = Debug|Any CPU
		{AE23E370-5006-45C8-9197-4C8D02FB9C81}.Release|Any CPU.ActiveCfg = Release|Any CPU
		{AE23E370-5006-45C8-9197-4C8D02FB9C81}.Release|Any CPU.Build.0 = Release|Any CPU
		{9DA425C6-8092-4EEF-9126-D84AE3522EDB}.Debug|Any CPU.ActiveCfg = Debug|Any CPU
		{9DA425C6-8092-4EEF-9126-D84AE3522EDB}.Debug|Any CPU.Build.0 = Debug|Any CPU
		{9DA425C6-8092-4EEF-9126-D84AE3522EDB}.Release|Any CPU.ActiveCfg = Release|Any CPU
		{9DA425C6-8092-4EEF-9126-D84AE3522EDB}.Release|Any CPU.Build.0 = Release|Any CPU
		{768C2C0A-6199-4508-9A43-DE959686CAA6}.Debug|Any CPU.ActiveCfg = Debug|Any CPU
		{768C2C0A-6199-4508-9A43-DE959686CAA6}.Debug|Any CPU.Build.0 = Debug|Any CPU
		{768C2C0A-6199-4508-9A43-DE959686CAA6}.Release|Any CPU.ActiveCfg = Release|Any CPU
		{768C2C0A-6199-4508-9A43-DE959686CAA6}.Release|Any CPU.Build.0 = Release|Any CPU
		{96FD8416-ED7C-4396-9EBD-25BCF4FD9B2E}.Debug|Any CPU.ActiveCfg = Debug|Any CPU
		{96FD8416-ED7C-4396-9EBD-25BCF4FD9B2E}.Debug|Any CPU.Build.0 = Debug|Any CPU
		{96FD8416-ED7C-4396-9EBD-25BCF4FD9B2E}.Release|Any CPU.ActiveCfg = Release|Any CPU
		{96FD8416-ED7C-4396-9EBD-25BCF4FD9B2E}.Release|Any CPU.Build.0 = Release|Any CPU
		{B3996515-77AA-40A6-880B-4AD4E3F654F4}.Debug|Any CPU.ActiveCfg = Debug|Any CPU
		{B3996515-77AA-40A6-880B-4AD4E3F654F4}.Debug|Any CPU.Build.0 = Debug|Any CPU
		{B3996515-77AA-40A6-880B-4AD4E3F654F4}.Release|Any CPU.ActiveCfg = Release|Any CPU
		{B3996515-77AA-40A6-880B-4AD4E3F654F4}.Release|Any CPU.Build.0 = Release|Any CPU
	EndGlobalSection
	GlobalSection(SolutionProperties) = preSolution
		HideSolutionNode = FALSE
	EndGlobalSection
	GlobalSection(NestedProjects) = preSolution
		{A5AEC309-23BF-4368-A24A-4808C282A00D} = {2C48B6C5-E199-4832-9532-610820EF46C5}
		{47537CB9-38AE-49A0-94BE-0BF5EF85D068} = {2C48B6C5-E199-4832-9532-610820EF46C5}
		{673713F6-B15C-4B58-94A9-DA02354BF38E} = {2C48B6C5-E199-4832-9532-610820EF46C5}
		{9350A190-D7B8-4362-B61F-43CC26452161} = {D02EF0D0-0F1F-47C3-BDBB-132E9B57F5F7}
		{D02EF0D0-0F1F-47C3-BDBB-132E9B57F5F7} = {2C48B6C5-E199-4832-9532-610820EF46C5}
		{A1EEAB97-BDEA-40C5-A3E2-4E76EBED9A07} = {D02EF0D0-0F1F-47C3-BDBB-132E9B57F5F7}
		{767FD727-BF01-4294-88CE-DFBF16D7D31D} = {A1EEAB97-BDEA-40C5-A3E2-4E76EBED9A07}
		{9FE5184E-5ADD-4897-A371-B169A6620827} = {A5AEC309-23BF-4368-A24A-4808C282A00D}
		{B97C764B-AF79-47DC-AA76-88F17F41556D} = {A5AEC309-23BF-4368-A24A-4808C282A00D}
		{624BB66C-13D8-486F-A762-D702C6860073} = {47537CB9-38AE-49A0-94BE-0BF5EF85D068}
		{AE23E370-5006-45C8-9197-4C8D02FB9C81} = {673713F6-B15C-4B58-94A9-DA02354BF38E}
		{9DA425C6-8092-4EEF-9126-D84AE3522EDB} = {9350A190-D7B8-4362-B61F-43CC26452161}
		{768C2C0A-6199-4508-9A43-DE959686CAA6} = {9350A190-D7B8-4362-B61F-43CC26452161}
		{96FD8416-ED7C-4396-9EBD-25BCF4FD9B2E} = {9350A190-D7B8-4362-B61F-43CC26452161}
		{B3996515-77AA-40A6-880B-4AD4E3F654F4} = {EE793B63-CED6-48DA-9B2F-91D925E58EB0}
	EndGlobalSection
	GlobalSection(ExtensibilityGlobals) = postSolution
		SolutionGuid = {D0123188-EF59-42A0-BC34-E61BC01485C7}
	EndGlobalSection
EndGlobal
